{
  "name": "boids",
  "version": "0.0.1",
  "lockfileVersion": 1,
  "requires": true,
  "dependencies": {
    "@types/stats.js": {
      "version": "0.17.0",
      "resolved": "https://registry.npmjs.org/@types/stats.js/-/stats.js-0.17.0.tgz",
      "integrity": "sha512-9w+a7bR8PeB0dCT/HBULU2fMqf6BAzvKbxFboYhmDtDkKPiyXYbjoe2auwsXlEFI7CFNMF1dCv3dFH5Poy9R1w==",
      "dev": true
    },
    "@webgpu/types": {
      "version": "0.1.3",
      "resolved": "https://registry.npmjs.org/@webgpu/types/-/types-0.1.3.tgz",
      "integrity": "sha512-rvqmSxoSMqwIjtvMHOvdvgCtJaz8PS4okXTL47Jyf/X5rDTiRoKEW1U3+XPsWcfY9Hp5gir3A0ksi+Eh81bbyg==",
      "dev": true
    },
    "typescript": {
      "version": "4.2.4",
      "resolved": "https://registry.npmjs.org/typescript/-/typescript-4.2.4.tgz",
      "integrity": "sha512-V+evlYHZnQkaz8TRBuxTA92yZBPotr5H+WhQ7bD3hZUndx5tGOa1fuCgeSjxAzM1RiN5IzvadIXTVefuuwZCRg==",
      "dev": true
    }
  }
}
